
Microsoft Visual Studio Solution File, Format Version 12.00
# Visual Studio 15
VisualStudioVersion = 15.0.28010.2003
MinimumVisualStudioVersion = 10.0.40219.1
Project("{FAE04EC0-301F-11D3-BF4B-00C04F79EFBC}") = "Blog", "Blog\Blog.csproj", "{4E2B8B13-8D95-4847-B0E8-99B9E343F15B}"
EndProject
Project("{FAE04EC0-301F-11D3-BF4B-00C04F79EFBC}") = "Blog.Tests", "Blog.Tests\Blog.Tests.csproj", "{686D61CC-ECE8-4EAB-8B58-1CAA13D4727C}"
EndProject
Global
	GlobalSection(SolutionConfigurationPlatforms) = preSolution
		Debug|Any CPU = Debug|Any CPU
		Release|Any CPU = Release|Any CPU
	EndGlobalSection
	GlobalSection(ProjectConfigurationPlatforms) = postSolution
		{4E2B8B13-8D95-4847-B0E8-99B9E343F15B}.Debug|Any CPU.ActiveCfg = Debug|Any CPU
		{4E2B8B13-8D95-4847-B0E8-99B9E343F15B}.Debug|Any CPU.Build.0 = Debug|Any CPU
		{4E2B8B13-8D95-4847-B0E8-99B9E343F15B}.Release|Any CPU.ActiveCfg = Release|Any CPU
		{4E2B8B13-8D95-4847-B0E8-99B9E343F15B}.Release|Any CPU.Build.0 = Release|Any CPU
		{686D61CC-ECE8-4EAB-8B58-1CAA13D4727C}.Debug|Any CPU.ActiveCfg = Debug|Any CPU
		{686D61CC-ECE8-4EAB-8B58-1CAA13D4727C}.Debug|Any CPU.Build.0 = Debug|Any CPU
		{686D61CC-ECE8-4EAB-8B58-1CAA13D4727C}.Release|Any CPU.ActiveCfg = Release|Any CPU
		{686D61CC-ECE8-4EAB-8B58-1CAA13D4727C}.Release|Any CPU.Build.0 = Release|Any CPU
	EndGlobalSection
	GlobalSection(SolutionProperties) = preSolution
		HideSolutionNode = FALSE
	EndGlobalSection
	GlobalSection(ExtensibilityGlobals) = postSolution
		SolutionGuid = {0B59EBB1-07EA-418E-9E61-A754C6C7A198}
	EndGlobalSection
EndGlobal
